<?xml version="1.0" encoding="utf-8"?>
<Project ToolsVersion="4.0" xmlns="http://schemas.microsoft.com/developer/msbuild/2003">
  <ItemGroup>
    <Filter Include="Source Files">
      <UniqueIdentifier>{4FC737F1-C7A5-4376-A066-2A32D752A2FF}</UniqueIdentifier>
      <Extensions>cpp;c;cc;cxx;def;odl;idl;hpj;bat;asm;asmx</Extensions>
    </Filter>
    <Filter Include="Header Files">
      <UniqueIdentifier>{93995380-89BD-4b04-88EB-625FBE52EBFB}</UniqueIdentifier>
      <Extensions>h;hh;hpp;hxx;hm;inl;inc;xsd</Extensions>
    </Filter>
    <Filter Include="Resource Files">
      <UniqueIdentifier>{67DA6AB6-F800-4c08-8B7A-83BB121AAD01}</UniqueIdentifier>
      <Extensions>rc;ico;cur;bmp;dlg;rc2;rct;bin;rgs;gif;jpg;jpeg;jpe;resx;tiff;tif;png;wav;mfcribbon-ms</Extensions>
    </Filter>
    <Filter Include="Source Files\Modes">
      <UniqueIdentifier>{4da27357-1e6b-4b8b-91c1-8f19ce4bf5c3}</UniqueIdentifier>
    </Filter>
    <Filter Include="Header Files\Modes">
      <UniqueIdentifier>{016fd9ec-cf7d-4c9c-b7f4-ff7d6363b1ea}</UniqueIdentifier>
    </Filter>
    <Filter Include="Header Files\Models">
      <UniqueIdentifier>{14a0b81a-78d9-489f-a677-ca2b32c5431f}</UniqueIdentifier>
    </Filter>
    <Filter Include="Source Files\SceneGraph">
      <UniqueIdentifier>{6b167156-b45a-4b76-a67f-0ab90fad1ddd}</UniqueIdentifier>
    </Filter>
    <Filter Include="Header Files\SceneGraph">
      <UniqueIdentifier>{5029e710-07ae-417b-83ae-e2218861ae1c}</UniqueIdentifier>
    </Filter>
    <Filter Include="Source Files\Controllers">
      <UniqueIdentifier>{431364ef-2283-485e-9b1a-86d988199bfc}</UniqueIdentifier>
    </Filter>
    <Filter Include="Header Files\Controllers">
      <UniqueIdentifier>{19d085e5-545b-42a4-ae93-667ff9245d1f}</UniqueIdentifier>
    </Filter>
    <Filter Include="Source Files\Models">
      <UniqueIdentifier>{d52e5d41-f523-4864-acb1-4ae943fc2b58}</UniqueIdentifier>
    </Filter>
    <Filter Include="Header Files\Helpers">
      <UniqueIdentifier>{0fcd8a55-1440-4e9e-85f6-4485794a2e43}</UniqueIdentifier>
    </Filter>
    <Filter Include="Source Files\Helpers">
      <UniqueIdentifier>{d2dfc50d-1a28-41ee-b9e9-8350a89f8a5f}</UniqueIdentifier>
    </Filter>
    <Filter Include="Header Files\Controllers\Networking">
      <UniqueIdentifier>{892f7898-00ed-4801-81f2-2b1eb8659a8a}</UniqueIdentifier>
    </Filter>
    <Filter Include="Source Files\Controllers\Networking">
      <UniqueIdentifier>{4e06dbe6-8387-4d9c-a0b6-33ac113b2e98}</UniqueIdentifier>
    </Filter>
    <Filter Include="Header Files\SceneGraph\GameUI">
      <UniqueIdentifier>{d06123e6-944e-43cb-a0ac-ed4551217f59}</UniqueIdentifier>
    </Filter>
    <Filter Include="Source Files\SceneGraph\GameUI">
      <UniqueIdentifier>{965840b1-98b8-4e9d-8838-920ce2ba4dbc}</UniqueIdentifier>
    </Filter>
    <Filter Include="Header Files\SceneGraph\ModelNodes">
      <UniqueIdentifier>{55904110-c84d-4942-aadd-49ca21a310ed}</UniqueIdentifier>
    </Filter>
    <Filter Include="Source Files\SceneGraph\ModelNodes">
      <UniqueIdentifier>{8aae04dc-1734-400d-a1d4-5d05800864c6}</UniqueIdentifier>
    </Filter>
    <Filter Include="Header Files\SceneGraph\Ship">
      <UniqueIdentifier>{013f2831-7ded-4e73-8baa-675c8d67033b}</UniqueIdentifier>
    </Filter>
    <Filter Include="Source Files\SceneGraph\Ship">
      <UniqueIdentifier>{29698c79-3c37-4c95-9f96-2da77fad54ae}</UniqueIdentifier>
    </Filter>
    <Filter Include="Header Files\Controllers\Networking\SLikeNet">
      <UniqueIdentifier>{40522952-4c99-43ed-b792-12afbaab76f9}</UniqueIdentifier>
    </Filter>
    <Filter Include="Source Files\Controllers\Networking\SLikeNet">
      <UniqueIdentifier>{15e2f352-16d4-4e17-b363-4b0b20cd8994}</UniqueIdentifier>
    </Filter>
  </ItemGroup>
  <ItemGroup>
    <ClInclude Include="..\..\source\Sweetspace.h">
      <Filter>Header Files</Filter>
    </ClInclude>
    <ClInclude Include="..\..\source\GameMode.h">
      <Filter>Header Files\Modes</Filter>
    </ClInclude>
    <ClInclude Include="..\..\source\LoadingMode.h">
      <Filter>Header Files\Modes</Filter>
    </ClInclude>
    <ClInclude Include="..\..\source\GameGraphRoot.h">
      <Filter>Header Files\SceneGraph</Filter>
    </ClInclude>
    <ClInclude Include="..\..\source\BreachModel.h">
      <Filter>Header Files\Models</Filter>
    </ClInclude>
    <ClInclude Include="..\..\source\DonutModel.h">
      <Filter>Header Files\Models</Filter>
    </ClInclude>
    <ClInclude Include="..\..\source\InputController.h">
      <Filter>Header Files\Controllers</Filter>
    </ClInclude>
    <ClInclude Include="..\..\source\ShipModel.h">
      <Filter>Header Files\Models</Filter>
    </ClInclude>
    <ClInclude Include="..\..\source\PlayerDonutModel.h">
      <Filter>Header Files\Models</Filter>
    </ClInclude>
    <ClInclude Include="..\..\source\ExternalDonutModel.h">
      <Filter>Header Files\Models</Filter>
    </ClInclude>
    <ClInclude Include="..\..\source\DoorModel.h">
      <Filter>Header Files\Models</Filter>
    </ClInclude>
    <ClInclude Include="..\..\source\GLaDOS.h">
      <Filter>Header Files\Controllers</Filter>
    </ClInclude>
    <ClInclude Include="..\..\source\Tween.h">
      <Filter>Header Files\Helpers</Filter>
    </ClInclude>
    <ClInclude Include="..\..\source\Globals.h">
      <Filter>Header Files\Helpers</Filter>
    </ClInclude>
    <ClInclude Include="..\..\source\ButtonManager.h">
      <Filter>Header Files\Helpers</Filter>
    </ClInclude>
    <ClInclude Include="..\..\source\LevelModel.h">
      <Filter>Header Files\Models</Filter>
    </ClInclude>
    <ClInclude Include="..\..\source\BuildingBlockModel.h">
      <Filter>Header Files\Models</Filter>
    </ClInclude>
    <ClInclude Include="..\..\source\EventModel.h">
      <Filter>Header Files\Models</Filter>
    </ClInclude>
    <ClInclude Include="..\..\source\ButtonModel.h">
      <Filter>Header Files\Models</Filter>
    </ClInclude>
    <ClInclude Include="..\..\source\MainMenuMode.h">
      <Filter>Header Files\Modes</Filter>
    </ClInclude>
    <ClInclude Include="..\..\source\LevelConstants.h">
      <Filter>Header Files\Helpers</Filter>
    </ClInclude>
    <ClInclude Include="..\..\source\CustomNode.h">
      <Filter>Header Files\SceneGraph</Filter>
    </ClInclude>
    <ClInclude Include="..\..\source\TutorialNode.h">
      <Filter>Header Files\SceneGraph</Filter>
    </ClInclude>
    <ClInclude Include="..\..\source\Unopenable.h">
      <Filter>Header Files\Models</Filter>
    </ClInclude>
    <ClInclude Include="..\..\source\TutorialConstants.h">
      <Filter>Header Files\Helpers</Filter>
    </ClInclude>
    <ClInclude Include="..\..\source\SoundEffectController.h">
      <Filter>Header Files\Controllers</Filter>
    </ClInclude>
    <ClInclude Include="..\..\source\SparkleNode.h">
      <Filter>Header Files\SceneGraph</Filter>
    </ClInclude>
    <ClInclude Include="..\..\source\StabilizerModel.h">
      <Filter>Header Files\Models</Filter>
    </ClInclude>
    <ClInclude Include="..\..\source\AnimationManager.h">
      <Filter>Header Files\Helpers</Filter>
    </ClInclude>
    <ClInclude Include="..\..\source\MainMenuTransitions.h">
      <Filter>Header Files\Modes</Filter>
    </ClInclude>
    <ClInclude Include="..\..\source\MagicInternetBox.h">
      <Filter>Header Files\Controllers\Networking</Filter>
    </ClInclude>
    <ClInclude Include="..\..\source\NetworkDataType.h">
      <Filter>Header Files\Controllers\Networking</Filter>
    </ClInclude>
    <ClInclude Include="..\..\source\StateReconciler.h">
      <Filter>Header Files\Controllers\Networking</Filter>
    </ClInclude>
    <ClInclude Include="..\..\source\WinScreen.h">
      <Filter>Header Files\SceneGraph\GameUI</Filter>
    </ClInclude>
    <ClInclude Include="..\..\source\PauseMenu.h">
      <Filter>Header Files\SceneGraph\GameUI</Filter>
    </ClInclude>
    <ClInclude Include="..\..\source\AudioController.h">
      <Filter>Header Files\Controllers</Filter>
    </ClInclude>
    <ClInclude Include="..\..\source\NeedleAnimator.h">
      <Filter>Header Files\Controllers\Networking</Filter>
    </ClInclude>
    <ClInclude Include="..\..\source\ButtonNode.h">
      <Filter>Header Files\SceneGraph\ModelNodes</Filter>
    </ClInclude>
    <ClInclude Include="..\..\source\BreachNode.h">
      <Filter>Header Files\SceneGraph\ModelNodes</Filter>
    </ClInclude>
    <ClInclude Include="..\..\source\DonutNode.h">
      <Filter>Header Files\SceneGraph\ModelNodes</Filter>
    </ClInclude>
    <ClInclude Include="..\..\source\DoorNode.h">
      <Filter>Header Files\SceneGraph\ModelNodes</Filter>
    </ClInclude>
    <ClInclude Include="..\..\source\ExternalDonutNode.h">
      <Filter>Header Files\SceneGraph\ModelNodes</Filter>
    </ClInclude>
    <ClInclude Include="..\..\source\PlayerDonutNode.h">
      <Filter>Header Files\SceneGraph\ModelNodes</Filter>
    </ClInclude>
    <ClInclude Include="..\..\source\UnopenableNode.h">
      <Filter>Header Files\SceneGraph\ModelNodes</Filter>
    </ClInclude>
    <ClInclude Include="..\..\source\HealthNode.h">
      <Filter>Header Files\SceneGraph\GameUI</Filter>
    </ClInclude>
    <ClInclude Include="..\..\source\ShipSegmentNode.h">
      <Filter>Header Files\SceneGraph\Ship</Filter>
    </ClInclude>
    <ClInclude Include="..\..\source\ShipSegmentWrap.h">
      <Filter>Header Files\SceneGraph\Ship</Filter>
    </ClInclude>
    <ClInclude Include="resource.h">
      <Filter>Header Files</Filter>
    </ClInclude>
    <ClInclude Include="..\..\source\StabilizerNode.h">
      <Filter>Header Files\SceneGraph\Ship</Filter>
    </ClInclude>
    <ClInclude Include="..\..\source\ReconnectScreen.h">
      <Filter>Header Files\SceneGraph\GameUI</Filter>
    </ClInclude>
    <ClInclude Include="..\..\source\libraries\SLikeNet\slikenet\VariadicSQLParser.h">
      <Filter>Header Files\Controllers\Networking\SLikeNet</Filter>
    </ClInclude>
    <ClInclude Include="..\..\source\libraries\SLikeNet\slikenet\version.h">
      <Filter>Header Files\Controllers\Networking\SLikeNet</Filter>
    </ClInclude>
    <ClInclude Include="..\..\source\libraries\SLikeNet\slikenet\VitaIncludes.h">
      <Filter>Header Files\Controllers\Networking\SLikeNet</Filter>
    </ClInclude>
    <ClInclude Include="..\..\source\libraries\SLikeNet\slikenet\WindowsIncludes.h">
      <Filter>Header Files\Controllers\Networking\SLikeNet</Filter>
    </ClInclude>
    <ClInclude Include="..\..\source\libraries\SLikeNet\slikenet\WSAStartupSingleton.h">
      <Filter>Header Files\Controllers\Networking\SLikeNet</Filter>
    </ClInclude>
    <ClInclude Include="..\..\source\libraries\SLikeNet\slikenet\wstring.h">
      <Filter>Header Files\Controllers\Networking\SLikeNet</Filter>
    </ClInclude>
    <ClInclude Include="..\..\source\libraries\SLikeNet\slikenet\XBox360Includes.h">
      <Filter>Header Files\Controllers\Networking\SLikeNet</Filter>
    </ClInclude>
    <ClInclude Include="..\..\source\libraries\SLikeNet\slikenet\_FindFirst.h">
      <Filter>Header Files\Controllers\Networking\SLikeNet</Filter>
    </ClInclude>
    <ClInclude Include="..\..\source\libraries\SLikeNet\slikenet\alloca.h">
      <Filter>Header Files\Controllers\Networking\SLikeNet</Filter>
    </ClInclude>
    <ClInclude Include="..\..\source\libraries\SLikeNet\slikenet\assert.h">
      <Filter>Header Files\Controllers\Networking\SLikeNet</Filter>
    </ClInclude>
    <ClInclude Include="..\..\source\libraries\SLikeNet\slikenet\AutopatcherPatchContext.h">
      <Filter>Header Files\Controllers\Networking\SLikeNet</Filter>
    </ClInclude>
    <ClInclude Include="..\..\source\libraries\SLikeNet\slikenet\AutopatcherRepositoryInterface.h">
      <Filter>Header Files\Controllers\Networking\SLikeNet</Filter>
    </ClInclude>
    <ClInclude Include="..\..\source\libraries\SLikeNet\slikenet\Base64Encoder.h">
      <Filter>Header Files\Controllers\Networking\SLikeNet</Filter>
    </ClInclude>
    <ClInclude Include="..\..\source\libraries\SLikeNet\slikenet\BitStream.h">
      <Filter>Header Files\Controllers\Networking\SLikeNet</Filter>
    </ClInclude>
    <ClInclude Include="..\..\source\libraries\SLikeNet\slikenet\CCRakNetSlidingWindow.h">
      <Filter>Header Files\Controllers\Networking\SLikeNet</Filter>
    </ClInclude>
    <ClInclude Include="..\..\source\libraries\SLikeNet\slikenet\CCRakNetUDT.h">
      <Filter>Header Files\Controllers\Networking\SLikeNet</Filter>
    </ClInclude>
    <ClInclude Include="..\..\source\libraries\SLikeNet\slikenet\CheckSum.h">
      <Filter>Header Files\Controllers\Networking\SLikeNet</Filter>
    </ClInclude>
    <ClInclude Include="..\..\source\libraries\SLikeNet\slikenet\CloudClient.h">
      <Filter>Header Files\Controllers\Networking\SLikeNet</Filter>
    </ClInclude>
    <ClInclude Include="..\..\source\libraries\SLikeNet\slikenet\CloudCommon.h">
      <Filter>Header Files\Controllers\Networking\SLikeNet</Filter>
    </ClInclude>
    <ClInclude Include="..\..\source\libraries\SLikeNet\slikenet\CloudServer.h">
      <Filter>Header Files\Controllers\Networking\SLikeNet</Filter>
    </ClInclude>
    <ClInclude Include="..\..\source\libraries\SLikeNet\slikenet\commandparser.h">
      <Filter>Header Files\Controllers\Networking\SLikeNet</Filter>
    </ClInclude>
    <ClInclude Include="..\..\source\libraries\SLikeNet\slikenet\CommandParserInterface.h">
      <Filter>Header Files\Controllers\Networking\SLikeNet</Filter>
    </ClInclude>
    <ClInclude Include="..\..\source\libraries\SLikeNet\slikenet\ConnectionGraph2.h">
      <Filter>Header Files\Controllers\Networking\SLikeNet</Filter>
    </ClInclude>
    <ClInclude Include="..\..\source\libraries\SLikeNet\slikenet\ConsoleServer.h">
      <Filter>Header Files\Controllers\Networking\SLikeNet</Filter>
    </ClInclude>
    <ClInclude Include="..\..\source\libraries\SLikeNet\slikenet\DataCompressor.h">
      <Filter>Header Files\Controllers\Networking\SLikeNet</Filter>
    </ClInclude>
    <ClInclude Include="..\..\source\libraries\SLikeNet\slikenet\defineoverrides.h">
      <Filter>Header Files\Controllers\Networking\SLikeNet</Filter>
    </ClInclude>
    <ClInclude Include="..\..\source\libraries\SLikeNet\slikenet\defines.h">
      <Filter>Header Files\Controllers\Networking\SLikeNet</Filter>
    </ClInclude>
    <ClInclude Include="..\..\source\libraries\SLikeNet\slikenet\DirectoryDeltaTransfer.h">
      <Filter>Header Files\Controllers\Networking\SLikeNet</Filter>
    </ClInclude>
    <ClInclude Include="..\..\source\libraries\SLikeNet\slikenet\DR_SHA1.h">
      <Filter>Header Files\Controllers\Networking\SLikeNet</Filter>
    </ClInclude>
    <ClInclude Include="..\..\source\libraries\SLikeNet\slikenet\DS_BinarySearchTree.h">
      <Filter>Header Files\Controllers\Networking\SLikeNet</Filter>
    </ClInclude>
    <ClInclude Include="..\..\source\libraries\SLikeNet\slikenet\DS_BPlusTree.h">
      <Filter>Header Files\Controllers\Networking\SLikeNet</Filter>
    </ClInclude>
    <ClInclude Include="..\..\source\libraries\SLikeNet\slikenet\DS_BytePool.h">
      <Filter>Header Files\Controllers\Networking\SLikeNet</Filter>
    </ClInclude>
    <ClInclude Include="..\..\source\libraries\SLikeNet\slikenet\DS_ByteQueue.h">
      <Filter>Header Files\Controllers\Networking\SLikeNet</Filter>
    </ClInclude>
    <ClInclude Include="..\..\source\libraries\SLikeNet\slikenet\DS_Hash.h">
      <Filter>Header Files\Controllers\Networking\SLikeNet</Filter>
    </ClInclude>
    <ClInclude Include="..\..\source\libraries\SLikeNet\slikenet\DS_Heap.h">
      <Filter>Header Files\Controllers\Networking\SLikeNet</Filter>
    </ClInclude>
    <ClInclude Include="..\..\source\libraries\SLikeNet\slikenet\DS_HuffmanEncodingTree.h">
      <Filter>Header Files\Controllers\Networking\SLikeNet</Filter>
    </ClInclude>
    <ClInclude Include="..\..\source\libraries\SLikeNet\slikenet\DS_HuffmanEncodingTreeFactory.h">
      <Filter>Header Files\Controllers\Networking\SLikeNet</Filter>
    </ClInclude>
    <ClInclude Include="..\..\source\libraries\SLikeNet\slikenet\DS_HuffmanEncodingTreeNode.h">
      <Filter>Header Files\Controllers\Networking\SLikeNet</Filter>
    </ClInclude>
    <ClInclude Include="..\..\source\libraries\SLikeNet\slikenet\DS_LinkedList.h">
      <Filter>Header Files\Controllers\Networking\SLikeNet</Filter>
    </ClInclude>
    <ClInclude Include="..\..\source\libraries\SLikeNet\slikenet\DS_List.h">
      <Filter>Header Files\Controllers\Networking\SLikeNet</Filter>
    </ClInclude>
    <ClInclude Include="..\..\source\libraries\SLikeNet\slikenet\DS_Map.h">
      <Filter>Header Files\Controllers\Networking\SLikeNet</Filter>
    </ClInclude>
    <ClInclude Include="..\..\source\libraries\SLikeNet\slikenet\DS_MemoryPool.h">
      <Filter>Header Files\Controllers\Networking\SLikeNet</Filter>
    </ClInclude>
    <ClInclude Include="..\..\source\libraries\SLikeNet\slikenet\DS_Multilist.h">
      <Filter>Header Files\Controllers\Networking\SLikeNet</Filter>
    </ClInclude>
    <ClInclude Include="..\..\source\libraries\SLikeNet\slikenet\DS_OrderedChannelHeap.h">
      <Filter>Header Files\Controllers\Networking\SLikeNet</Filter>
    </ClInclude>
    <ClInclude Include="..\..\source\libraries\SLikeNet\slikenet\DS_OrderedList.h">
      <Filter>Header Files\Controllers\Networking\SLikeNet</Filter>
    </ClInclude>
    <ClInclude Include="..\..\source\libraries\SLikeNet\slikenet\DS_Queue.h">
      <Filter>Header Files\Controllers\Networking\SLikeNet</Filter>
    </ClInclude>
    <ClInclude Include="..\..\source\libraries\SLikeNet\slikenet\DS_QueueLinkedList.h">
      <Filter>Header Files\Controllers\Networking\SLikeNet</Filter>
    </ClInclude>
    <ClInclude Include="..\..\source\libraries\SLikeNet\slikenet\DS_RangeList.h">
      <Filter>Header Files\Controllers\Networking\SLikeNet</Filter>
    </ClInclude>
    <ClInclude Include="..\..\source\libraries\SLikeNet\slikenet\DS_Table.h">
      <Filter>Header Files\Controllers\Networking\SLikeNet</Filter>
    </ClInclude>
    <ClInclude Include="..\..\source\libraries\SLikeNet\slikenet\DS_ThreadsafeAllocatingQueue.h">
      <Filter>Header Files\Controllers\Networking\SLikeNet</Filter>
    </ClInclude>
    <ClInclude Include="..\..\source\libraries\SLikeNet\slikenet\DS_Tree.h">
      <Filter>Header Files\Controllers\Networking\SLikeNet</Filter>
    </ClInclude>
    <ClInclude Include="..\..\source\libraries\SLikeNet\slikenet\DS_WeightedGraph.h">
      <Filter>Header Files\Controllers\Networking\SLikeNet</Filter>
    </ClInclude>
    <ClInclude Include="..\..\source\libraries\SLikeNet\slikenet\DynDNS.h">
      <Filter>Header Files\Controllers\Networking\SLikeNet</Filter>
    </ClInclude>
    <ClInclude Include="..\..\source\libraries\SLikeNet\slikenet\EmailSender.h">
      <Filter>Header Files\Controllers\Networking\SLikeNet</Filter>
    </ClInclude>
    <ClInclude Include="..\..\source\libraries\SLikeNet\slikenet\EmptyHeader.h">
      <Filter>Header Files\Controllers\Networking\SLikeNet</Filter>
    </ClInclude>
    <ClInclude Include="..\..\source\libraries\SLikeNet\slikenet\EpochTimeToString.h">
      <Filter>Header Files\Controllers\Networking\SLikeNet</Filter>
    </ClInclude>
    <ClInclude Include="..\..\source\libraries\SLikeNet\slikenet\Export.h">
      <Filter>Header Files\Controllers\Networking\SLikeNet</Filter>
    </ClInclude>
    <ClInclude Include="..\..\source\libraries\SLikeNet\slikenet\FileList.h">
      <Filter>Header Files\Controllers\Networking\SLikeNet</Filter>
    </ClInclude>
    <ClInclude Include="..\..\source\libraries\SLikeNet\slikenet\FileListNodeContext.h">
      <Filter>Header Files\Controllers\Networking\SLikeNet</Filter>
    </ClInclude>
    <ClInclude Include="..\..\source\libraries\SLikeNet\slikenet\FileListTransfer.h">
      <Filter>Header Files\Controllers\Networking\SLikeNet</Filter>
    </ClInclude>
    <ClInclude Include="..\..\source\libraries\SLikeNet\slikenet\FileListTransferCBInterface.h">
      <Filter>Header Files\Controllers\Networking\SLikeNet</Filter>
    </ClInclude>
    <ClInclude Include="..\..\source\libraries\SLikeNet\slikenet\FileOperations.h">
      <Filter>Header Files\Controllers\Networking\SLikeNet</Filter>
    </ClInclude>
    <ClInclude Include="..\..\source\libraries\SLikeNet\slikenet\FormatString.h">
      <Filter>Header Files\Controllers\Networking\SLikeNet</Filter>
    </ClInclude>
    <ClInclude Include="..\..\source\libraries\SLikeNet\slikenet\FullyConnectedMesh2.h">
      <Filter>Header Files\Controllers\Networking\SLikeNet</Filter>
    </ClInclude>
    <ClInclude Include="..\..\source\libraries\SLikeNet\slikenet\Getche.h">
      <Filter>Header Files\Controllers\Networking\SLikeNet</Filter>
    </ClInclude>
    <ClInclude Include="..\..\source\libraries\SLikeNet\slikenet\Gets.h">
      <Filter>Header Files\Controllers\Networking\SLikeNet</Filter>
    </ClInclude>
    <ClInclude Include="..\..\source\libraries\SLikeNet\slikenet\GetTime.h">
      <Filter>Header Files\Controllers\Networking\SLikeNet</Filter>
    </ClInclude>
    <ClInclude Include="..\..\source\libraries\SLikeNet\slikenet\gettimeofday.h">
      <Filter>Header Files\Controllers\Networking\SLikeNet</Filter>
    </ClInclude>
    <ClInclude Include="..\..\source\libraries\SLikeNet\slikenet\GridSectorizer.h">
      <Filter>Header Files\Controllers\Networking\SLikeNet</Filter>
    </ClInclude>
    <ClInclude Include="..\..\source\libraries\SLikeNet\slikenet\HTTPConnection.h">
      <Filter>Header Files\Controllers\Networking\SLikeNet</Filter>
    </ClInclude>
    <ClInclude Include="..\..\source\libraries\SLikeNet\slikenet\HTTPConnection2.h">
      <Filter>Header Files\Controllers\Networking\SLikeNet</Filter>
    </ClInclude>
    <ClInclude Include="..\..\source\libraries\SLikeNet\slikenet\IncrementalReadInterface.h">
      <Filter>Header Files\Controllers\Networking\SLikeNet</Filter>
    </ClInclude>
    <ClInclude Include="..\..\source\libraries\SLikeNet\slikenet\InternalPacket.h">
      <Filter>Header Files\Controllers\Networking\SLikeNet</Filter>
    </ClInclude>
    <ClInclude Include="..\..\source\libraries\SLikeNet\slikenet\Itoa.h">
      <Filter>Header Files\Controllers\Networking\SLikeNet</Filter>
    </ClInclude>
    <ClInclude Include="..\..\source\libraries\SLikeNet\slikenet\Kbhit.h">
      <Filter>Header Files\Controllers\Networking\SLikeNet</Filter>
    </ClInclude>
    <ClInclude Include="..\..\source\libraries\SLikeNet\slikenet\linux_adapter.h">
      <Filter>Header Files\Controllers\Networking\SLikeNet</Filter>
    </ClInclude>
    <ClInclude Include="..\..\source\libraries\SLikeNet\slikenet\LinuxStrings.h">
      <Filter>Header Files\Controllers\Networking\SLikeNet</Filter>
    </ClInclude>
    <ClInclude Include="..\..\source\libraries\SLikeNet\slikenet\LocklessTypes.h">
      <Filter>Header Files\Controllers\Networking\SLikeNet</Filter>
    </ClInclude>
    <ClInclude Include="..\..\source\libraries\SLikeNet\slikenet\LogCommandParser.h">
      <Filter>Header Files\Controllers\Networking\SLikeNet</Filter>
    </ClInclude>
    <ClInclude Include="..\..\source\libraries\SLikeNet\slikenet\memoryoverride.h">
      <Filter>Header Files\Controllers\Networking\SLikeNet</Filter>
    </ClInclude>
    <ClInclude Include="..\..\source\libraries\SLikeNet\slikenet\MessageFilter.h">
      <Filter>Header Files\Controllers\Networking\SLikeNet</Filter>
    </ClInclude>
    <ClInclude Include="..\..\source\libraries\SLikeNet\slikenet\MessageIdentifiers.h">
      <Filter>Header Files\Controllers\Networking\SLikeNet</Filter>
    </ClInclude>
    <ClInclude Include="..\..\source\libraries\SLikeNet\slikenet\MTUSize.h">
      <Filter>Header Files\Controllers\Networking\SLikeNet</Filter>
    </ClInclude>
    <ClInclude Include="..\..\source\libraries\SLikeNet\slikenet\NativeFeatureIncludes.h">
      <Filter>Header Files\Controllers\Networking\SLikeNet</Filter>
    </ClInclude>
    <ClInclude Include="..\..\source\libraries\SLikeNet\slikenet\NativeFeatureIncludesOverrides.h">
      <Filter>Header Files\Controllers\Networking\SLikeNet</Filter>
    </ClInclude>
    <ClInclude Include="..\..\source\libraries\SLikeNet\slikenet\NativeTypes.h">
      <Filter>Header Files\Controllers\Networking\SLikeNet</Filter>
    </ClInclude>
    <ClInclude Include="..\..\source\libraries\SLikeNet\slikenet\NatPunchthroughClient.h">
      <Filter>Header Files\Controllers\Networking\SLikeNet</Filter>
    </ClInclude>
    <ClInclude Include="..\..\source\libraries\SLikeNet\slikenet\NatPunchthroughServer.h">
      <Filter>Header Files\Controllers\Networking\SLikeNet</Filter>
    </ClInclude>
    <ClInclude Include="..\..\source\libraries\SLikeNet\slikenet\NatTypeDetectionClient.h">
      <Filter>Header Files\Controllers\Networking\SLikeNet</Filter>
    </ClInclude>
    <ClInclude Include="..\..\source\libraries\SLikeNet\slikenet\NatTypeDetectionCommon.h">
      <Filter>Header Files\Controllers\Networking\SLikeNet</Filter>
    </ClInclude>
    <ClInclude Include="..\..\source\libraries\SLikeNet\slikenet\NatTypeDetectionServer.h">
      <Filter>Header Files\Controllers\Networking\SLikeNet</Filter>
    </ClInclude>
    <ClInclude Include="..\..\source\libraries\SLikeNet\slikenet\NetworkIDManager.h">
      <Filter>Header Files\Controllers\Networking\SLikeNet</Filter>
    </ClInclude>
    <ClInclude Include="..\..\source\libraries\SLikeNet\slikenet\NetworkIDObject.h">
      <Filter>Header Files\Controllers\Networking\SLikeNet</Filter>
    </ClInclude>
    <ClInclude Include="..\..\source\libraries\SLikeNet\slikenet\osx_adapter.h">
      <Filter>Header Files\Controllers\Networking\SLikeNet</Filter>
    </ClInclude>
    <ClInclude Include="..\..\source\libraries\SLikeNet\slikenet\PacketConsoleLogger.h">
      <Filter>Header Files\Controllers\Networking\SLikeNet</Filter>
    </ClInclude>
    <ClInclude Include="..\..\source\libraries\SLikeNet\slikenet\PacketFileLogger.h">
      <Filter>Header Files\Controllers\Networking\SLikeNet</Filter>
    </ClInclude>
    <ClInclude Include="..\..\source\libraries\SLikeNet\slikenet\PacketizedTCP.h">
      <Filter>Header Files\Controllers\Networking\SLikeNet</Filter>
    </ClInclude>
    <ClInclude Include="..\..\source\libraries\SLikeNet\slikenet\PacketLogger.h">
      <Filter>Header Files\Controllers\Networking\SLikeNet</Filter>
    </ClInclude>
    <ClInclude Include="..\..\source\libraries\SLikeNet\slikenet\PacketOutputWindowLogger.h">
      <Filter>Header Files\Controllers\Networking\SLikeNet</Filter>
    </ClInclude>
    <ClInclude Include="..\..\source\libraries\SLikeNet\slikenet\PacketPool.h">
      <Filter>Header Files\Controllers\Networking\SLikeNet</Filter>
    </ClInclude>
    <ClInclude Include="..\..\source\libraries\SLikeNet\slikenet\PacketPriority.h">
      <Filter>Header Files\Controllers\Networking\SLikeNet</Filter>
    </ClInclude>
    <ClInclude Include="..\..\source\libraries\SLikeNet\slikenet\peer.h">
      <Filter>Header Files\Controllers\Networking\SLikeNet</Filter>
    </ClInclude>
    <ClInclude Include="..\..\source\libraries\SLikeNet\slikenet\peerinterface.h">
      <Filter>Header Files\Controllers\Networking\SLikeNet</Filter>
    </ClInclude>
    <ClInclude Include="..\..\source\libraries\SLikeNet\slikenet\PluginInterface2.h">
      <Filter>Header Files\Controllers\Networking\SLikeNet</Filter>
    </ClInclude>
    <ClInclude Include="..\..\source\libraries\SLikeNet\slikenet\PS3Includes.h">
      <Filter>Header Files\Controllers\Networking\SLikeNet</Filter>
    </ClInclude>
    <ClInclude Include="..\..\source\libraries\SLikeNet\slikenet\PS4Includes.h">
      <Filter>Header Files\Controllers\Networking\SLikeNet</Filter>
    </ClInclude>
    <ClInclude Include="..\..\source\libraries\SLikeNet\slikenet\Rackspace.h">
      <Filter>Header Files\Controllers\Networking\SLikeNet</Filter>
    </ClInclude>
    <ClInclude Include="..\..\source\libraries\SLikeNet\slikenet\Rand.h">
      <Filter>Header Files\Controllers\Networking\SLikeNet</Filter>
    </ClInclude>
    <ClInclude Include="..\..\source\libraries\SLikeNet\slikenet\RandSync.h">
      <Filter>Header Files\Controllers\Networking\SLikeNet</Filter>
    </ClInclude>
    <ClInclude Include="..\..\source\libraries\SLikeNet\slikenet\ReadyEvent.h">
      <Filter>Header Files\Controllers\Networking\SLikeNet</Filter>
    </ClInclude>
    <ClInclude Include="..\..\source\libraries\SLikeNet\slikenet\RefCountedObj.h">
      <Filter>Header Files\Controllers\Networking\SLikeNet</Filter>
    </ClInclude>
    <ClInclude Include="..\..\source\libraries\SLikeNet\slikenet\RelayPlugin.h">
      <Filter>Header Files\Controllers\Networking\SLikeNet</Filter>
    </ClInclude>
    <ClInclude Include="..\..\source\libraries\SLikeNet\slikenet\ReliabilityLayer.h">
      <Filter>Header Files\Controllers\Networking\SLikeNet</Filter>
    </ClInclude>
    <ClInclude Include="..\..\source\libraries\SLikeNet\slikenet\ReplicaEnums.h">
      <Filter>Header Files\Controllers\Networking\SLikeNet</Filter>
    </ClInclude>
    <ClInclude Include="..\..\source\libraries\SLikeNet\slikenet\ReplicaManager3.h">
      <Filter>Header Files\Controllers\Networking\SLikeNet</Filter>
    </ClInclude>
    <ClInclude Include="..\..\source\libraries\SLikeNet\slikenet\Router2.h">
      <Filter>Header Files\Controllers\Networking\SLikeNet</Filter>
    </ClInclude>
    <ClInclude Include="..\..\source\libraries\SLikeNet\slikenet\RPC4Plugin.h">
      <Filter>Header Files\Controllers\Networking\SLikeNet</Filter>
    </ClInclude>
    <ClInclude Include="..\..\source\libraries\SLikeNet\slikenet\SecureHandshake.h">
      <Filter>Header Files\Controllers\Networking\SLikeNet</Filter>
    </ClInclude>
    <ClInclude Include="..\..\source\libraries\SLikeNet\slikenet\SendToThread.h">
      <Filter>Header Files\Controllers\Networking\SLikeNet</Filter>
    </ClInclude>
    <ClInclude Include="..\..\source\libraries\SLikeNet\slikenet\SignaledEvent.h">
      <Filter>Header Files\Controllers\Networking\SLikeNet</Filter>
    </ClInclude>
    <ClInclude Include="..\..\source\libraries\SLikeNet\slikenet\SimpleMutex.h">
      <Filter>Header Files\Controllers\Networking\SLikeNet</Filter>
    </ClInclude>
    <ClInclude Include="..\..\source\libraries\SLikeNet\slikenet\SimpleTCPServer.h">
      <Filter>Header Files\Controllers\Networking\SLikeNet</Filter>
    </ClInclude>
    <ClInclude Include="..\..\source\libraries\SLikeNet\slikenet\SingleProducerConsumer.h">
      <Filter>Header Files\Controllers\Networking\SLikeNet</Filter>
    </ClInclude>
    <ClInclude Include="..\..\source\libraries\SLikeNet\slikenet\sleep.h">
      <Filter>Header Files\Controllers\Networking\SLikeNet</Filter>
    </ClInclude>
    <ClInclude Include="..\..\source\libraries\SLikeNet\slikenet\smartptr.h">
      <Filter>Header Files\Controllers\Networking\SLikeNet</Filter>
    </ClInclude>
    <ClInclude Include="..\..\source\libraries\SLikeNet\slikenet\socket.h">
      <Filter>Header Files\Controllers\Networking\SLikeNet</Filter>
    </ClInclude>
    <ClInclude Include="..\..\source\libraries\SLikeNet\slikenet\socket2.h">
      <Filter>Header Files\Controllers\Networking\SLikeNet</Filter>
    </ClInclude>
    <ClInclude Include="..\..\source\libraries\SLikeNet\slikenet\SocketDefines.h">
      <Filter>Header Files\Controllers\Networking\SLikeNet</Filter>
    </ClInclude>
    <ClInclude Include="..\..\source\libraries\SLikeNet\slikenet\SocketIncludes.h">
      <Filter>Header Files\Controllers\Networking\SLikeNet</Filter>
    </ClInclude>
    <ClInclude Include="..\..\source\libraries\SLikeNet\slikenet\SocketLayer.h">
      <Filter>Header Files\Controllers\Networking\SLikeNet</Filter>
    </ClInclude>
    <ClInclude Include="..\..\source\libraries\SLikeNet\slikenet\statistics.h">
      <Filter>Header Files\Controllers\Networking\SLikeNet</Filter>
    </ClInclude>
    <ClInclude Include="..\..\source\libraries\SLikeNet\slikenet\StatisticsHistory.h">
      <Filter>Header Files\Controllers\Networking\SLikeNet</Filter>
    </ClInclude>
    <ClInclude Include="..\..\source\libraries\SLikeNet\slikenet\string.h">
      <Filter>Header Files\Controllers\Networking\SLikeNet</Filter>
    </ClInclude>
    <ClInclude Include="..\..\source\libraries\SLikeNet\slikenet\StringCompressor.h">
      <Filter>Header Files\Controllers\Networking\SLikeNet</Filter>
    </ClInclude>
    <ClInclude Include="..\..\source\libraries\SLikeNet\slikenet\StringTable.h">
      <Filter>Header Files\Controllers\Networking\SLikeNet</Filter>
    </ClInclude>
    <ClInclude Include="..\..\source\libraries\SLikeNet\slikenet\SuperFastHash.h">
      <Filter>Header Files\Controllers\Networking\SLikeNet</Filter>
    </ClInclude>
    <ClInclude Include="..\..\source\libraries\SLikeNet\slikenet\TableSerializer.h">
      <Filter>Header Files\Controllers\Networking\SLikeNet</Filter>
    </ClInclude>
    <ClInclude Include="..\..\source\libraries\SLikeNet\slikenet\TCPInterface.h">
      <Filter>Header Files\Controllers\Networking\SLikeNet</Filter>
    </ClInclude>
    <ClInclude Include="..\..\source\libraries\SLikeNet\slikenet\TeamBalancer.h">
      <Filter>Header Files\Controllers\Networking\SLikeNet</Filter>
    </ClInclude>
    <ClInclude Include="..\..\source\libraries\SLikeNet\slikenet\TeamManager.h">
      <Filter>Header Files\Controllers\Networking\SLikeNet</Filter>
    </ClInclude>
    <ClInclude Include="..\..\source\libraries\SLikeNet\slikenet\TelnetTransport.h">
      <Filter>Header Files\Controllers\Networking\SLikeNet</Filter>
    </ClInclude>
    <ClInclude Include="..\..\source\libraries\SLikeNet\slikenet\thread.h">
      <Filter>Header Files\Controllers\Networking\SLikeNet</Filter>
    </ClInclude>
    <ClInclude Include="..\..\source\libraries\SLikeNet\slikenet\ThreadPool.h">
      <Filter>Header Files\Controllers\Networking\SLikeNet</Filter>
    </ClInclude>
    <ClInclude Include="..\..\source\libraries\SLikeNet\slikenet\ThreadsafePacketLogger.h">
      <Filter>Header Files\Controllers\Networking\SLikeNet</Filter>
    </ClInclude>
    <ClInclude Include="..\..\source\libraries\SLikeNet\slikenet\time.h">
      <Filter>Header Files\Controllers\Networking\SLikeNet</Filter>
    </ClInclude>
    <ClInclude Include="..\..\source\libraries\SLikeNet\slikenet\transport2.h">
      <Filter>Header Files\Controllers\Networking\SLikeNet</Filter>
    </ClInclude>
    <ClInclude Include="..\..\source\libraries\SLikeNet\slikenet\TransportInterface.h">
      <Filter>Header Files\Controllers\Networking\SLikeNet</Filter>
    </ClInclude>
    <ClInclude Include="..\..\source\libraries\SLikeNet\slikenet\TwoWayAuthentication.h">
      <Filter>Header Files\Controllers\Networking\SLikeNet</Filter>
    </ClInclude>
    <ClInclude Include="..\..\source\libraries\SLikeNet\slikenet\types.h">
      <Filter>Header Files\Controllers\Networking\SLikeNet</Filter>
    </ClInclude>
    <ClInclude Include="..\..\source\libraries\SLikeNet\slikenet\UDPForwarder.h">
      <Filter>Header Files\Controllers\Networking\SLikeNet</Filter>
    </ClInclude>
    <ClInclude Include="..\..\source\libraries\SLikeNet\slikenet\UDPProxyClient.h">
      <Filter>Header Files\Controllers\Networking\SLikeNet</Filter>
    </ClInclude>
    <ClInclude Include="..\..\source\libraries\SLikeNet\slikenet\UDPProxyCommon.h">
      <Filter>Header Files\Controllers\Networking\SLikeNet</Filter>
    </ClInclude>
    <ClInclude Include="..\..\source\libraries\SLikeNet\slikenet\UDPProxyCoordinator.h">
      <Filter>Header Files\Controllers\Networking\SLikeNet</Filter>
    </ClInclude>
    <ClInclude Include="..\..\source\libraries\SLikeNet\slikenet\UDPProxyServer.h">
      <Filter>Header Files\Controllers\Networking\SLikeNet</Filter>
    </ClInclude>
    <ClInclude Include="..\..\source\libraries\SLikeNet\slikenet\VariableDeltaSerializer.h">
      <Filter>Header Files\Controllers\Networking\SLikeNet</Filter>
    </ClInclude>
    <ClInclude Include="..\..\source\libraries\SLikeNet\slikenet\VariableListDeltaTracker.h">
      <Filter>Header Files\Controllers\Networking\SLikeNet</Filter>
    </ClInclude>
    <ClInclude Include="..\..\source\AdUtils.h">
      <Filter>Header Files\Helpers</Filter>
    </ClInclude>
    <ClInclude Include="..\..\source\CollisionController.h">
      <Filter>Header Files\Controllers</Filter>
    </ClInclude>
    <ClInclude Include="..\..\source\CUNetworkConnection.h">
      <Filter>Header Files\Controllers\Networking</Filter>
    </ClInclude>
    <ClInclude Include="..\..\source\libraries\easywsclient.hpp">
      <Filter>Header Files\Controllers\Networking</Filter>
    </ClInclude>
    <ClInclude Include="..\..\source\AdHocNetworkConnection.h">
      <Filter>Header Files\Controllers\Networking</Filter>
    </ClInclude>
    <ClInclude Include="..\..\source\WebsocketNetworkConnection.h">
      <Filter>Header Files\Controllers\Networking</Filter>
    </ClInclude>
  </ItemGroup>
  <ItemGroup>
    <ClCompile Include="..\..\source\main.cpp">
      <Filter>Source Files</Filter>
    </ClCompile>
    <ClCompile Include="..\..\source\Sweetspace.cpp">
      <Filter>Source Files</Filter>
    </ClCompile>
    <ClCompile Include="..\..\source\GameMode.cpp">
      <Filter>Source Files\Modes</Filter>
    </ClCompile>
    <ClCompile Include="..\..\source\LoadingMode.cpp">
      <Filter>Source Files\Modes</Filter>
    </ClCompile>
    <ClCompile Include="..\..\source\InputController.cpp">
      <Filter>Source Files\Controllers</Filter>
    </ClCompile>
    <ClCompile Include="..\..\source\BreachModel.cpp">
      <Filter>Source Files\Models</Filter>
    </ClCompile>
    <ClCompile Include="..\..\source\DonutModel.cpp">
      <Filter>Source Files\Models</Filter>
    </ClCompile>
    <ClCompile Include="..\..\source\GameGraphRoot.cpp">
      <Filter>Source Files\SceneGraph</Filter>
    </ClCompile>
    <ClCompile Include="..\..\source\ShipModel.cpp">
      <Filter>Source Files\Models</Filter>
    </ClCompile>
    <ClCompile Include="..\..\source\PlayerDonutModel.cpp">
      <Filter>Source Files\Models</Filter>
    </ClCompile>
    <ClCompile Include="..\..\source\ExternalDonutModel.cpp">
      <Filter>Source Files\Models</Filter>
    </ClCompile>
    <ClCompile Include="..\..\source\DoorModel.cpp">
      <Filter>Source Files\Models</Filter>
    </ClCompile>
    <ClCompile Include="..\..\source\GLaDOS.cpp">
      <Filter>Source Files\Controllers</Filter>
    </ClCompile>
    <ClCompile Include="..\..\source\Tween.cpp">
      <Filter>Source Files\Helpers</Filter>
    </ClCompile>
    <ClCompile Include="..\..\source\ButtonManager.cpp">
      <Filter>Source Files\Helpers</Filter>
    </ClCompile>
    <ClCompile Include="..\..\source\ButtonModel.cpp">
      <Filter>Source Files\Models</Filter>
    </ClCompile>
    <ClCompile Include="..\..\source\MainMenuMode.cpp">
      <Filter>Source Files\Modes</Filter>
    </ClCompile>
    <ClCompile Include="..\..\source\TutorialNode.cpp">
      <Filter>Source Files\SceneGraph</Filter>
    </ClCompile>
    <ClCompile Include="..\..\source\SoundEffectController.cpp">
      <Filter>Source Files\Controllers</Filter>
    </ClCompile>
    <ClCompile Include="..\..\source\SparkleNode.cpp">
      <Filter>Source Files\SceneGraph</Filter>
    </ClCompile>
    <ClCompile Include="..\..\source\StabilizerModel.cpp">
      <Filter>Source Files\Models</Filter>
    </ClCompile>
    <ClCompile Include="..\..\source\AnimationManager.cpp">
      <Filter>Source Files\Helpers</Filter>
    </ClCompile>
    <ClCompile Include="..\..\source\MainMenuTransitions.cpp">
      <Filter>Source Files\Modes</Filter>
    </ClCompile>
    <ClCompile Include="..\..\source\MagicInternetBox.cpp">
      <Filter>Source Files\Controllers\Networking</Filter>
    </ClCompile>
    <ClCompile Include="..\..\source\StateReconciler.cpp">
      <Filter>Source Files\Controllers\Networking</Filter>
    </ClCompile>
    <ClCompile Include="..\..\source\WinScreen.cpp">
      <Filter>Source Files\SceneGraph\GameUI</Filter>
    </ClCompile>
    <ClCompile Include="..\..\source\PauseMenu.cpp">
      <Filter>Source Files\SceneGraph\GameUI</Filter>
    </ClCompile>
    <ClCompile Include="..\..\source\BreachNode.cpp">
      <Filter>Source Files\SceneGraph\ModelNodes</Filter>
    </ClCompile>
    <ClCompile Include="..\..\source\ButtonNode.cpp">
      <Filter>Source Files\SceneGraph\ModelNodes</Filter>
    </ClCompile>
    <ClCompile Include="..\..\source\DonutNode.cpp">
      <Filter>Source Files\SceneGraph\ModelNodes</Filter>
    </ClCompile>
    <ClCompile Include="..\..\source\DoorNode.cpp">
      <Filter>Source Files\SceneGraph\ModelNodes</Filter>
    </ClCompile>
    <ClCompile Include="..\..\source\ExternalDonutNode.cpp">
      <Filter>Source Files\SceneGraph\ModelNodes</Filter>
    </ClCompile>
    <ClCompile Include="..\..\source\PlayerDonutNode.cpp">
      <Filter>Source Files\SceneGraph\ModelNodes</Filter>
    </ClCompile>
    <ClCompile Include="..\..\source\UnopenableNode.cpp">
      <Filter>Source Files\SceneGraph\ModelNodes</Filter>
    </ClCompile>
    <ClCompile Include="..\..\source\HealthNode.cpp">
      <Filter>Source Files\SceneGraph\GameUI</Filter>
    </ClCompile>
    <ClCompile Include="..\..\source\CustomNode.cpp">
      <Filter>Source Files\SceneGraph</Filter>
    </ClCompile>
    <ClCompile Include="..\..\source\ShipSegmentNode.cpp">
      <Filter>Source Files\SceneGraph\Ship</Filter>
    </ClCompile>
    <ClCompile Include="..\..\source\ShipSegmentWrap.cpp">
      <Filter>Source Files\SceneGraph\Ship</Filter>
    </ClCompile>
    <ClCompile Include="..\..\source\StabilizerNode.cpp">
      <Filter>Source Files\SceneGraph\Ship</Filter>
    </ClCompile>
    <ClCompile Include="..\..\source\ReconnectScreen.cpp">
      <Filter>Source Files\SceneGraph\GameUI</Filter>
    </ClCompile>
    <ClCompile Include="..\..\source\libraries\SLikeNet\UDPProxyClient.cpp">
      <Filter>Source Files\Controllers\Networking\SLikeNet</Filter>
    </ClCompile>
    <ClCompile Include="..\..\source\libraries\SLikeNet\UDPProxyCoordinator.cpp">
      <Filter>Source Files\Controllers\Networking\SLikeNet</Filter>
    </ClCompile>
    <ClCompile Include="..\..\source\libraries\SLikeNet\UDPProxyServer.cpp">
      <Filter>Source Files\Controllers\Networking\SLikeNet</Filter>
    </ClCompile>
    <ClCompile Include="..\..\source\libraries\SLikeNet\VariableDeltaSerializer.cpp">
      <Filter>Source Files\Controllers\Networking\SLikeNet</Filter>
    </ClCompile>
    <ClCompile Include="..\..\source\libraries\SLikeNet\VariableListDeltaTracker.cpp">
      <Filter>Source Files\Controllers\Networking\SLikeNet</Filter>
    </ClCompile>
    <ClCompile Include="..\..\source\libraries\SLikeNet\VariadicSQLParser.cpp">
      <Filter>Source Files\Controllers\Networking\SLikeNet</Filter>
    </ClCompile>
    <ClCompile Include="..\..\source\libraries\SLikeNet\VitaIncludes.cpp">
      <Filter>Source Files\Controllers\Networking\SLikeNet</Filter>
    </ClCompile>
    <ClCompile Include="..\..\source\libraries\SLikeNet\WSAStartupSingleton.cpp">
      <Filter>Source Files\Controllers\Networking\SLikeNet</Filter>
    </ClCompile>
    <ClCompile Include="..\..\source\libraries\SLikeNet\_FindFirst.cpp">
      <Filter>Source Files\Controllers\Networking\SLikeNet</Filter>
    </ClCompile>
    <ClCompile Include="..\..\source\libraries\SLikeNet\Base64Encoder.cpp">
      <Filter>Source Files\Controllers\Networking\SLikeNet</Filter>
    </ClCompile>
    <ClCompile Include="..\..\source\libraries\SLikeNet\BitStream.cpp">
      <Filter>Source Files\Controllers\Networking\SLikeNet</Filter>
    </ClCompile>
    <ClCompile Include="..\..\source\libraries\SLikeNet\CCRakNetSlidingWindow.cpp">
      <Filter>Source Files\Controllers\Networking\SLikeNet</Filter>
    </ClCompile>
    <ClCompile Include="..\..\source\libraries\SLikeNet\CCRakNetUDT.cpp">
      <Filter>Source Files\Controllers\Networking\SLikeNet</Filter>
    </ClCompile>
    <ClCompile Include="..\..\source\libraries\SLikeNet\CheckSum.cpp">
      <Filter>Source Files\Controllers\Networking\SLikeNet</Filter>
    </ClCompile>
    <ClCompile Include="..\..\source\libraries\SLikeNet\CloudClient.cpp">
      <Filter>Source Files\Controllers\Networking\SLikeNet</Filter>
    </ClCompile>
    <ClCompile Include="..\..\source\libraries\SLikeNet\CloudCommon.cpp">
      <Filter>Source Files\Controllers\Networking\SLikeNet</Filter>
    </ClCompile>
    <ClCompile Include="..\..\source\libraries\SLikeNet\CloudServer.cpp">
      <Filter>Source Files\Controllers\Networking\SLikeNet</Filter>
    </ClCompile>
    <ClCompile Include="..\..\source\libraries\SLikeNet\CommandParserInterface.cpp">
      <Filter>Source Files\Controllers\Networking\SLikeNet</Filter>
    </ClCompile>
    <ClCompile Include="..\..\source\libraries\SLikeNet\ConnectionGraph2.cpp">
      <Filter>Source Files\Controllers\Networking\SLikeNet</Filter>
    </ClCompile>
    <ClCompile Include="..\..\source\libraries\SLikeNet\ConsoleServer.cpp">
      <Filter>Source Files\Controllers\Networking\SLikeNet</Filter>
    </ClCompile>
    <ClCompile Include="..\..\source\libraries\SLikeNet\DataCompressor.cpp">
      <Filter>Source Files\Controllers\Networking\SLikeNet</Filter>
    </ClCompile>
    <ClCompile Include="..\..\source\libraries\SLikeNet\DirectoryDeltaTransfer.cpp">
      <Filter>Source Files\Controllers\Networking\SLikeNet</Filter>
    </ClCompile>
    <ClCompile Include="..\..\source\libraries\SLikeNet\DR_SHA1.cpp">
      <Filter>Source Files\Controllers\Networking\SLikeNet</Filter>
    </ClCompile>
    <ClCompile Include="..\..\source\libraries\SLikeNet\DS_BytePool.cpp">
      <Filter>Source Files\Controllers\Networking\SLikeNet</Filter>
    </ClCompile>
    <ClCompile Include="..\..\source\libraries\SLikeNet\DS_ByteQueue.cpp">
      <Filter>Source Files\Controllers\Networking\SLikeNet</Filter>
    </ClCompile>
    <ClCompile Include="..\..\source\libraries\SLikeNet\DS_HuffmanEncodingTree.cpp">
      <Filter>Source Files\Controllers\Networking\SLikeNet</Filter>
    </ClCompile>
    <ClCompile Include="..\..\source\libraries\SLikeNet\DS_Table.cpp">
      <Filter>Source Files\Controllers\Networking\SLikeNet</Filter>
    </ClCompile>
    <ClCompile Include="..\..\source\libraries\SLikeNet\DynDNS.cpp">
      <Filter>Source Files\Controllers\Networking\SLikeNet</Filter>
    </ClCompile>
    <ClCompile Include="..\..\source\libraries\SLikeNet\EmailSender.cpp">
      <Filter>Source Files\Controllers\Networking\SLikeNet</Filter>
    </ClCompile>
    <ClCompile Include="..\..\source\libraries\SLikeNet\EpochTimeToString.cpp">
      <Filter>Source Files\Controllers\Networking\SLikeNet</Filter>
    </ClCompile>
    <ClCompile Include="..\..\source\libraries\SLikeNet\FileList.cpp">
      <Filter>Source Files\Controllers\Networking\SLikeNet</Filter>
    </ClCompile>
    <ClCompile Include="..\..\source\libraries\SLikeNet\FileListTransfer.cpp">
      <Filter>Source Files\Controllers\Networking\SLikeNet</Filter>
    </ClCompile>
    <ClCompile Include="..\..\source\libraries\SLikeNet\FileOperations.cpp">
      <Filter>Source Files\Controllers\Networking\SLikeNet</Filter>
    </ClCompile>
    <ClCompile Include="..\..\source\libraries\SLikeNet\FormatString.cpp">
      <Filter>Source Files\Controllers\Networking\SLikeNet</Filter>
    </ClCompile>
    <ClCompile Include="..\..\source\libraries\SLikeNet\FullyConnectedMesh2.cpp">
      <Filter>Source Files\Controllers\Networking\SLikeNet</Filter>
    </ClCompile>
    <ClCompile Include="..\..\source\libraries\SLikeNet\Getche.cpp">
      <Filter>Source Files\Controllers\Networking\SLikeNet</Filter>
    </ClCompile>
    <ClCompile Include="..\..\source\libraries\SLikeNet\Gets.cpp">
      <Filter>Source Files\Controllers\Networking\SLikeNet</Filter>
    </ClCompile>
    <ClCompile Include="..\..\source\libraries\SLikeNet\GetTime.cpp">
      <Filter>Source Files\Controllers\Networking\SLikeNet</Filter>
    </ClCompile>
    <ClCompile Include="..\..\source\libraries\SLikeNet\gettimeofday.cpp">
      <Filter>Source Files\Controllers\Networking\SLikeNet</Filter>
    </ClCompile>
    <ClCompile Include="..\..\source\libraries\SLikeNet\GridSectorizer.cpp">
      <Filter>Source Files\Controllers\Networking\SLikeNet</Filter>
    </ClCompile>
    <ClCompile Include="..\..\source\libraries\SLikeNet\HTTPConnection.cpp">
      <Filter>Source Files\Controllers\Networking\SLikeNet</Filter>
    </ClCompile>
    <ClCompile Include="..\..\source\libraries\SLikeNet\HTTPConnection2.cpp">
      <Filter>Source Files\Controllers\Networking\SLikeNet</Filter>
    </ClCompile>
    <ClCompile Include="..\..\source\libraries\SLikeNet\IncrementalReadInterface.cpp">
      <Filter>Source Files\Controllers\Networking\SLikeNet</Filter>
    </ClCompile>
    <ClCompile Include="..\..\source\libraries\SLikeNet\Itoa.cpp">
      <Filter>Source Files\Controllers\Networking\SLikeNet</Filter>
    </ClCompile>
    <ClCompile Include="..\..\source\libraries\SLikeNet\linux_adapter.cpp">
      <Filter>Source Files\Controllers\Networking\SLikeNet</Filter>
    </ClCompile>
    <ClCompile Include="..\..\source\libraries\SLikeNet\LinuxStrings.cpp">
      <Filter>Source Files\Controllers\Networking\SLikeNet</Filter>
    </ClCompile>
    <ClCompile Include="..\..\source\libraries\SLikeNet\LocklessTypes.cpp">
      <Filter>Source Files\Controllers\Networking\SLikeNet</Filter>
    </ClCompile>
    <ClCompile Include="..\..\source\libraries\SLikeNet\LogCommandParser.cpp">
      <Filter>Source Files\Controllers\Networking\SLikeNet</Filter>
    </ClCompile>
    <ClCompile Include="..\..\source\libraries\SLikeNet\MessageFilter.cpp">
      <Filter>Source Files\Controllers\Networking\SLikeNet</Filter>
    </ClCompile>
    <ClCompile Include="..\..\source\libraries\SLikeNet\NatPunchthroughClient.cpp">
      <Filter>Source Files\Controllers\Networking\SLikeNet</Filter>
    </ClCompile>
    <ClCompile Include="..\..\source\libraries\SLikeNet\NatPunchthroughServer.cpp">
      <Filter>Source Files\Controllers\Networking\SLikeNet</Filter>
    </ClCompile>
    <ClCompile Include="..\..\source\libraries\SLikeNet\NatTypeDetectionClient.cpp">
      <Filter>Source Files\Controllers\Networking\SLikeNet</Filter>
    </ClCompile>
    <ClCompile Include="..\..\source\libraries\SLikeNet\NatTypeDetectionCommon.cpp">
      <Filter>Source Files\Controllers\Networking\SLikeNet</Filter>
    </ClCompile>
    <ClCompile Include="..\..\source\libraries\SLikeNet\NatTypeDetectionServer.cpp">
      <Filter>Source Files\Controllers\Networking\SLikeNet</Filter>
    </ClCompile>
    <ClCompile Include="..\..\source\libraries\SLikeNet\NetworkIDManager.cpp">
      <Filter>Source Files\Controllers\Networking\SLikeNet</Filter>
    </ClCompile>
    <ClCompile Include="..\..\source\libraries\SLikeNet\NetworkIDObject.cpp">
      <Filter>Source Files\Controllers\Networking\SLikeNet</Filter>
    </ClCompile>
    <ClCompile Include="..\..\source\libraries\SLikeNet\osx_adapter.cpp">
      <Filter>Source Files\Controllers\Networking\SLikeNet</Filter>
    </ClCompile>
    <ClCompile Include="..\..\source\libraries\SLikeNet\PacketConsoleLogger.cpp">
      <Filter>Source Files\Controllers\Networking\SLikeNet</Filter>
    </ClCompile>
    <ClCompile Include="..\..\source\libraries\SLikeNet\PacketFileLogger.cpp">
      <Filter>Source Files\Controllers\Networking\SLikeNet</Filter>
    </ClCompile>
    <ClCompile Include="..\..\source\libraries\SLikeNet\PacketizedTCP.cpp">
      <Filter>Source Files\Controllers\Networking\SLikeNet</Filter>
    </ClCompile>
    <ClCompile Include="..\..\source\libraries\SLikeNet\PacketLogger.cpp">
      <Filter>Source Files\Controllers\Networking\SLikeNet</Filter>
    </ClCompile>
    <ClCompile Include="..\..\source\libraries\SLikeNet\PacketOutputWindowLogger.cpp">
      <Filter>Source Files\Controllers\Networking\SLikeNet</Filter>
    </ClCompile>
    <ClCompile Include="..\..\source\libraries\SLikeNet\PluginInterface2.cpp">
      <Filter>Source Files\Controllers\Networking\SLikeNet</Filter>
    </ClCompile>
    <ClCompile Include="..\..\source\libraries\SLikeNet\PS4Includes.cpp">
      <Filter>Source Files\Controllers\Networking\SLikeNet</Filter>
    </ClCompile>
    <ClCompile Include="..\..\source\libraries\SLikeNet\Rackspace.cpp">
      <Filter>Source Files\Controllers\Networking\SLikeNet</Filter>
    </ClCompile>
    <ClCompile Include="..\..\source\libraries\SLikeNet\RakMemoryOverride.cpp">
      <Filter>Source Files\Controllers\Networking\SLikeNet</Filter>
    </ClCompile>
    <ClCompile Include="..\..\source\libraries\SLikeNet\RakNetCommandParser.cpp">
      <Filter>Source Files\Controllers\Networking\SLikeNet</Filter>
    </ClCompile>
    <ClCompile Include="..\..\source\libraries\SLikeNet\RakNetSocket.cpp">
      <Filter>Source Files\Controllers\Networking\SLikeNet</Filter>
    </ClCompile>
    <ClCompile Include="..\..\source\libraries\SLikeNet\RakNetSocket2.cpp">
      <Filter>Source Files\Controllers\Networking\SLikeNet</Filter>
    </ClCompile>
    <ClCompile Include="..\..\source\libraries\SLikeNet\RakNetSocket2_360_720.cpp">
      <Filter>Source Files\Controllers\Networking\SLikeNet</Filter>
    </ClCompile>
    <ClCompile Include="..\..\source\libraries\SLikeNet\RakNetSocket2_Berkley.cpp">
      <Filter>Source Files\Controllers\Networking\SLikeNet</Filter>
    </ClCompile>
    <ClCompile Include="..\..\source\libraries\SLikeNet\RakNetSocket2_Berkley_NativeClient.cpp">
      <Filter>Source Files\Controllers\Networking\SLikeNet</Filter>
    </ClCompile>
    <ClCompile Include="..\..\source\libraries\SLikeNet\RakNetSocket2_NativeClient.cpp">
      <Filter>Source Files\Controllers\Networking\SLikeNet</Filter>
    </ClCompile>
    <ClCompile Include="..\..\source\libraries\SLikeNet\RakNetSocket2_PS3_PS4.cpp">
      <Filter>Source Files\Controllers\Networking\SLikeNet</Filter>
    </ClCompile>
    <ClCompile Include="..\..\source\libraries\SLikeNet\RakNetSocket2_PS4.cpp">
      <Filter>Source Files\Controllers\Networking\SLikeNet</Filter>
    </ClCompile>
    <ClCompile Include="..\..\source\libraries\SLikeNet\RakNetSocket2_Vita.cpp">
      <Filter>Source Files\Controllers\Networking\SLikeNet</Filter>
    </ClCompile>
    <ClCompile Include="..\..\source\libraries\SLikeNet\RakNetSocket2_Windows_Linux.cpp">
      <Filter>Source Files\Controllers\Networking\SLikeNet</Filter>
    </ClCompile>
    <ClCompile Include="..\..\source\libraries\SLikeNet\RakNetSocket2_Windows_Linux_360.cpp">
      <Filter>Source Files\Controllers\Networking\SLikeNet</Filter>
    </ClCompile>
    <ClCompile Include="..\..\source\libraries\SLikeNet\RakNetSocket2_WindowsStore8.cpp">
      <Filter>Source Files\Controllers\Networking\SLikeNet</Filter>
    </ClCompile>
    <ClCompile Include="..\..\source\libraries\SLikeNet\RakNetStatistics.cpp">
      <Filter>Source Files\Controllers\Networking\SLikeNet</Filter>
    </ClCompile>
    <ClCompile Include="..\..\source\libraries\SLikeNet\RakNetTransport2.cpp">
      <Filter>Source Files\Controllers\Networking\SLikeNet</Filter>
    </ClCompile>
    <ClCompile Include="..\..\source\libraries\SLikeNet\RakNetTypes.cpp">
      <Filter>Source Files\Controllers\Networking\SLikeNet</Filter>
    </ClCompile>
    <ClCompile Include="..\..\source\libraries\SLikeNet\RakPeer.cpp">
      <Filter>Source Files\Controllers\Networking\SLikeNet</Filter>
    </ClCompile>
    <ClCompile Include="..\..\source\libraries\SLikeNet\RakSleep.cpp">
      <Filter>Source Files\Controllers\Networking\SLikeNet</Filter>
    </ClCompile>
    <ClCompile Include="..\..\source\libraries\SLikeNet\RakString.cpp">
      <Filter>Source Files\Controllers\Networking\SLikeNet</Filter>
    </ClCompile>
    <ClCompile Include="..\..\source\libraries\SLikeNet\RakThread.cpp">
      <Filter>Source Files\Controllers\Networking\SLikeNet</Filter>
    </ClCompile>
    <ClCompile Include="..\..\source\libraries\SLikeNet\RakWString.cpp">
      <Filter>Source Files\Controllers\Networking\SLikeNet</Filter>
    </ClCompile>
    <ClCompile Include="..\..\source\libraries\SLikeNet\Rand.cpp">
      <Filter>Source Files\Controllers\Networking\SLikeNet</Filter>
    </ClCompile>
    <ClCompile Include="..\..\source\libraries\SLikeNet\RandSync.cpp">
      <Filter>Source Files\Controllers\Networking\SLikeNet</Filter>
    </ClCompile>
    <ClCompile Include="..\..\source\libraries\SLikeNet\ReadyEvent.cpp">
      <Filter>Source Files\Controllers\Networking\SLikeNet</Filter>
    </ClCompile>
    <ClCompile Include="..\..\source\libraries\SLikeNet\RelayPlugin.cpp">
      <Filter>Source Files\Controllers\Networking\SLikeNet</Filter>
    </ClCompile>
    <ClCompile Include="..\..\source\libraries\SLikeNet\ReliabilityLayer.cpp">
      <Filter>Source Files\Controllers\Networking\SLikeNet</Filter>
    </ClCompile>
    <ClCompile Include="..\..\source\libraries\SLikeNet\ReplicaManager3.cpp">
      <Filter>Source Files\Controllers\Networking\SLikeNet</Filter>
    </ClCompile>
    <ClCompile Include="..\..\source\libraries\SLikeNet\Router2.cpp">
      <Filter>Source Files\Controllers\Networking\SLikeNet</Filter>
    </ClCompile>
    <ClCompile Include="..\..\source\libraries\SLikeNet\RPC4Plugin.cpp">
      <Filter>Source Files\Controllers\Networking\SLikeNet</Filter>
    </ClCompile>
    <ClCompile Include="..\..\source\libraries\SLikeNet\SecureHandshake.cpp">
      <Filter>Source Files\Controllers\Networking\SLikeNet</Filter>
    </ClCompile>
    <ClCompile Include="..\..\source\libraries\SLikeNet\SendToThread.cpp">
      <Filter>Source Files\Controllers\Networking\SLikeNet</Filter>
    </ClCompile>
    <ClCompile Include="..\..\source\libraries\SLikeNet\SignaledEvent.cpp">
      <Filter>Source Files\Controllers\Networking\SLikeNet</Filter>
    </ClCompile>
    <ClCompile Include="..\..\source\libraries\SLikeNet\SimpleMutex.cpp">
      <Filter>Source Files\Controllers\Networking\SLikeNet</Filter>
    </ClCompile>
    <ClCompile Include="..\..\source\libraries\SLikeNet\SocketLayer.cpp">
      <Filter>Source Files\Controllers\Networking\SLikeNet</Filter>
    </ClCompile>
    <ClCompile Include="..\..\source\libraries\SLikeNet\StatisticsHistory.cpp">
      <Filter>Source Files\Controllers\Networking\SLikeNet</Filter>
    </ClCompile>
    <ClCompile Include="..\..\source\libraries\SLikeNet\StringCompressor.cpp">
      <Filter>Source Files\Controllers\Networking\SLikeNet</Filter>
    </ClCompile>
    <ClCompile Include="..\..\source\libraries\SLikeNet\StringTable.cpp">
      <Filter>Source Files\Controllers\Networking\SLikeNet</Filter>
    </ClCompile>
    <ClCompile Include="..\..\source\libraries\SLikeNet\SuperFastHash.cpp">
      <Filter>Source Files\Controllers\Networking\SLikeNet</Filter>
    </ClCompile>
    <ClCompile Include="..\..\source\libraries\SLikeNet\TableSerializer.cpp">
      <Filter>Source Files\Controllers\Networking\SLikeNet</Filter>
    </ClCompile>
    <ClCompile Include="..\..\source\libraries\SLikeNet\TCPInterface.cpp">
      <Filter>Source Files\Controllers\Networking\SLikeNet</Filter>
    </ClCompile>
    <ClCompile Include="..\..\source\libraries\SLikeNet\TeamBalancer.cpp">
      <Filter>Source Files\Controllers\Networking\SLikeNet</Filter>
    </ClCompile>
    <ClCompile Include="..\..\source\libraries\SLikeNet\TeamManager.cpp">
      <Filter>Source Files\Controllers\Networking\SLikeNet</Filter>
    </ClCompile>
    <ClCompile Include="..\..\source\libraries\SLikeNet\TelnetTransport.cpp">
      <Filter>Source Files\Controllers\Networking\SLikeNet</Filter>
    </ClCompile>
    <ClCompile Include="..\..\source\libraries\SLikeNet\ThreadsafePacketLogger.cpp">
      <Filter>Source Files\Controllers\Networking\SLikeNet</Filter>
    </ClCompile>
    <ClCompile Include="..\..\source\libraries\SLikeNet\TwoWayAuthentication.cpp">
      <Filter>Source Files\Controllers\Networking\SLikeNet</Filter>
    </ClCompile>
    <ClCompile Include="..\..\source\libraries\SLikeNet\UDPForwarder.cpp">
      <Filter>Source Files\Controllers\Networking\SLikeNet</Filter>
    </ClCompile>
    <ClCompile Include="..\..\source\CollisionController.cpp">
      <Filter>Source Files\Controllers</Filter>
    </ClCompile>
    <ClCompile Include="..\..\source\CUNetworkConnection.cpp">
      <Filter>Source Files\Controllers\Networking</Filter>
    </ClCompile>
    <ClCompile Include="..\..\source\libraries\easywsclient.cpp">
      <Filter>Source Files\Controllers\Networking</Filter>
    </ClCompile>
    <ClCompile Include="..\..\source\AdHocNetworkConnection.cpp">
      <Filter>Source Files\Controllers\Networking</Filter>
    </ClCompile>
    <ClCompile Include="..\..\source\WebsocketNetworkConnection.cpp">
      <Filter>Source Files\Controllers\Networking</Filter>
    </ClCompile>
  </ItemGroup>
  <ItemGroup>
    <ResourceCompile Include="Sweetspace.rc">
      <Filter>Resource Files</Filter>
    </ResourceCompile>
  </ItemGroup>
  <ItemGroup>
    <Image Include="icon1.ico">
      <Filter>Resource Files</Filter>
    </Image>
  </ItemGroup>
</Project>