<?xml version="1.0" encoding="utf-8"?>
<Project ToolsVersion="4.0" xmlns="http://schemas.microsoft.com/developer/msbuild/2003">
  <ItemGroup>
    <Filter Include="Source Files">
      <UniqueIdentifier>{4FC737F1-C7A5-4376-A066-2A32D752A2FF}</UniqueIdentifier>
      <Extensions>cpp;c;cc;cxx;def;odl;idl;hpj;bat;asm;asmx</Extensions>
    </Filter>
    <Filter Include="Header Files">
      <UniqueIdentifier>{93995380-89BD-4b04-88EB-625FBE52EBFB}</UniqueIdentifier>
      <Extensions>h;hh;hpp;hxx;hm;inl;inc;xsd</Extensions>
    </Filter>
    <Filter Include="Resource Files">
      <UniqueIdentifier>{67DA6AB6-F800-4c08-8B7A-83BB121AAD01}</UniqueIdentifier>
      <Extensions>rc;ico;cur;bmp;dlg;rc2;rct;bin;rgs;gif;jpg;jpeg;jpe;resx;tiff;tif;png;wav;mfcribbon-ms</Extensions>
    </Filter>
    <Filter Include="Source Files\Modes">
      <UniqueIdentifier>{4da27357-1e6b-4b8b-91c1-8f19ce4bf5c3}</UniqueIdentifier>
    </Filter>
    <Filter Include="Header Files\Modes">
      <UniqueIdentifier>{016fd9ec-cf7d-4c9c-b7f4-ff7d6363b1ea}</UniqueIdentifier>
    </Filter>
    <Filter Include="Header Files\Models">
      <UniqueIdentifier>{14a0b81a-78d9-489f-a677-ca2b32c5431f}</UniqueIdentifier>
    </Filter>
    <Filter Include="Source Files\SceneGraph">
      <UniqueIdentifier>{6b167156-b45a-4b76-a67f-0ab90fad1ddd}</UniqueIdentifier>
    </Filter>
    <Filter Include="Header Files\SceneGraph">
      <UniqueIdentifier>{5029e710-07ae-417b-83ae-e2218861ae1c}</UniqueIdentifier>
    </Filter>
    <Filter Include="Source Files\Controllers">
      <UniqueIdentifier>{431364ef-2283-485e-9b1a-86d988199bfc}</UniqueIdentifier>
    </Filter>
    <Filter Include="Header Files\Controllers">
      <UniqueIdentifier>{19d085e5-545b-42a4-ae93-667ff9245d1f}</UniqueIdentifier>
    </Filter>
    <Filter Include="Source Files\Models">
      <UniqueIdentifier>{d52e5d41-f523-4864-acb1-4ae943fc2b58}</UniqueIdentifier>
    </Filter>
    <Filter Include="Header Files\Helpers">
      <UniqueIdentifier>{0fcd8a55-1440-4e9e-85f6-4485794a2e43}</UniqueIdentifier>
    </Filter>
    <Filter Include="Source Files\Helpers">
      <UniqueIdentifier>{d2dfc50d-1a28-41ee-b9e9-8350a89f8a5f}</UniqueIdentifier>
    </Filter>
  </ItemGroup>
  <ItemGroup>
    <ClInclude Include="resource.h">
      <Filter>Header Files</Filter>
    </ClInclude>
    <ClInclude Include="..\..\source\Sweetspace.h">
      <Filter>Header Files</Filter>
    </ClInclude>
    <ClInclude Include="..\..\source\GameMode.h">
      <Filter>Header Files\Modes</Filter>
    </ClInclude>
    <ClInclude Include="..\..\source\LoadingMode.h">
      <Filter>Header Files\Modes</Filter>
    </ClInclude>
    <ClInclude Include="..\..\source\GameGraphRoot.h">
      <Filter>Header Files\SceneGraph</Filter>
    </ClInclude>
    <ClInclude Include="..\..\source\BreachModel.h">
      <Filter>Header Files\Models</Filter>
    </ClInclude>
    <ClInclude Include="..\..\source\DonutModel.h">
      <Filter>Header Files\Models</Filter>
    </ClInclude>
    <ClInclude Include="..\..\source\InputController.h">
      <Filter>Header Files\Controllers</Filter>
    </ClInclude>
    <ClInclude Include="..\..\source\MagicInternetBox.h">
      <Filter>Header Files\Controllers</Filter>
    </ClInclude>
    <ClInclude Include="..\..\source\libraries\easywsclient.hpp">
      <Filter>Header Files\Controllers</Filter>
    </ClInclude>
    <ClInclude Include="..\..\source\ShipModel.h">
      <Filter>Header Files\Models</Filter>
    </ClInclude>
    <ClInclude Include="..\..\source\DonutNode.h">
      <Filter>Header Files\SceneGraph</Filter>
    </ClInclude>
    <ClInclude Include="..\..\source\PlayerDonutModel.h">
      <Filter>Header Files\Models</Filter>
    </ClInclude>
    <ClInclude Include="..\..\source\ExternalDonutModel.h">
      <Filter>Header Files\Models</Filter>
    </ClInclude>
    <ClInclude Include="..\..\source\DoorModel.h">
      <Filter>Header Files\Models</Filter>
    </ClInclude>
    <ClInclude Include="..\..\source\DoorNode.h">
      <Filter>Header Files\SceneGraph</Filter>
    </ClInclude>
    <ClInclude Include="..\..\source\MatchmakingMode.h">
      <Filter>Header Files\Modes</Filter>
    </ClInclude>
    <ClInclude Include="..\..\source\MatchmakingGraphRoot.h">
      <Filter>Header Files\SceneGraph</Filter>
    </ClInclude>
    <ClInclude Include="..\..\source\GLaDOS.h">
      <Filter>Header Files\Controllers</Filter>
    </ClInclude>
    <ClInclude Include="..\..\source\BreachNode.h">
      <Filter>Header Files\SceneGraph</Filter>
    </ClInclude>
    <ClInclude Include="..\..\source\HealthNode.h">
      <Filter>Header Files\SceneGraph</Filter>
    </ClInclude>
    <ClInclude Include="..\..\source\Tween.h">
      <Filter>Header Files\Helpers</Filter>
    </ClInclude>
    <ClInclude Include="..\..\source\Globals.h">
      <Filter>Header Files\Helpers</Filter>
    </ClInclude>
  </ItemGroup>
  <ItemGroup>
    <ClCompile Include="..\..\source\main.cpp">
      <Filter>Source Files</Filter>
    </ClCompile>
    <ClCompile Include="..\..\source\Sweetspace.cpp">
      <Filter>Source Files</Filter>
    </ClCompile>
    <ClCompile Include="..\..\source\GameMode.cpp">
      <Filter>Source Files\Modes</Filter>
    </ClCompile>
    <ClCompile Include="..\..\source\LoadingMode.cpp">
      <Filter>Source Files\Modes</Filter>
    </ClCompile>
    <ClCompile Include="..\..\source\InputController.cpp">
      <Filter>Source Files\Controllers</Filter>
    </ClCompile>
    <ClCompile Include="..\..\source\BreachModel.cpp">
      <Filter>Source Files\Models</Filter>
    </ClCompile>
    <ClCompile Include="..\..\source\DonutModel.cpp">
      <Filter>Source Files\Models</Filter>
    </ClCompile>
    <ClCompile Include="..\..\source\GameGraphRoot.cpp">
      <Filter>Source Files\SceneGraph</Filter>
    </ClCompile>
    <ClCompile Include="..\..\source\MagicInternetBox.cpp">
      <Filter>Source Files\Controllers</Filter>
    </ClCompile>
    <ClCompile Include="..\..\source\libraries\easywsclient.cpp">
      <Filter>Source Files\Controllers</Filter>
    </ClCompile>
    <ClCompile Include="..\..\source\ShipModel.cpp">
      <Filter>Source Files\Models</Filter>
    </ClCompile>
    <ClCompile Include="..\..\source\DonutNode.cpp">
      <Filter>Source Files\SceneGraph</Filter>
    </ClCompile>
    <ClCompile Include="..\..\source\PlayerDonutModel.cpp">
      <Filter>Source Files\Models</Filter>
    </ClCompile>
    <ClCompile Include="..\..\source\ExternalDonutModel.cpp">
      <Filter>Source Files\Models</Filter>
    </ClCompile>
    <ClCompile Include="..\..\source\DoorModel.cpp">
      <Filter>Source Files\Models</Filter>
    </ClCompile>
    <ClCompile Include="..\..\source\DoorNode.cpp">
      <Filter>Source Files\SceneGraph</Filter>
    </ClCompile>
    <ClCompile Include="..\..\source\MatchmakingMode.cpp">
      <Filter>Source Files\Modes</Filter>
    </ClCompile>
    <ClCompile Include="..\..\source\MatchmakingGraphRoot.cpp">
      <Filter>Source Files\SceneGraph</Filter>
    </ClCompile>
    <ClCompile Include="..\..\source\GLaDOS.cpp">
      <Filter>Source Files\Controllers</Filter>
    </ClCompile>
    <ClCompile Include="..\..\source\BreachNode.cpp">
      <Filter>Source Files\SceneGraph</Filter>
    </ClCompile>
    <ClCompile Include="..\..\source\HealthNode.cpp">
      <Filter>Source Files\SceneGraph</Filter>
    </ClCompile>
    <ClCompile Include="..\..\source\Tween.cpp">
      <Filter>Source Files\Helpers</Filter>
    </ClCompile>
  </ItemGroup>
  <ItemGroup>
    <ResourceCompile Include="Sweetspace.rc">
      <Filter>Resource Files</Filter>
    </ResourceCompile>
  </ItemGroup>
  <ItemGroup>
    <Image Include="icon1.ico">
      <Filter>Resource Files</Filter>
    </Image>
  </ItemGroup>
</Project>