
Microsoft Visual Studio Solution File, Format Version 12.00
# Visual Studio Version 16
VisualStudioVersion = 16.0.29806.167
MinimumVisualStudioVersion = 10.0.40219.1
Project("{8BC9CEB8-8B4A-11D0-8D11-00A0C91BC942}") = "Sweetspace", "Sweetspace\Sweetspace.vcxproj", "{EBA7F636-33E8-46A4-9024-D8DDFC250C64}"
EndProject
Project("{8BC9CEB8-8B4A-11D0-8D11-00A0C91BC942}") = "CUGL", "..\cugl\build-win10\CUGL\CUGL.vcxproj", "{60C028A4-977F-44E9-A709-D79A153D6F69}"
EndProject
Project("{8BC9CEB8-8B4A-11D0-8D11-00A0C91BC942}") = "Box2D", "..\cugl\build-win10\Box2D\Box2D.vcxproj", "{98400D17-43A5-1A40-95BE-C53AC78E7694}"
EndProject
Global
	GlobalSection(SolutionConfigurationPlatforms) = preSolution
		Debug|ARM = Debug|ARM
		Debug|x64 = Debug|x64
		Debug|x86 = Debug|x86
		Release|ARM = Release|ARM
		Release|x64 = Release|x64
		Release|x86 = Release|x86
	EndGlobalSection
	GlobalSection(ProjectConfigurationPlatforms) = postSolution
		{EBA7F636-33E8-46A4-9024-D8DDFC250C64}.Debug|ARM.ActiveCfg = Debug|Win32
		{EBA7F636-33E8-46A4-9024-D8DDFC250C64}.Debug|x64.ActiveCfg = Debug|x64
		{EBA7F636-33E8-46A4-9024-D8DDFC250C64}.Debug|x64.Build.0 = Debug|x64
		{EBA7F636-33E8-46A4-9024-D8DDFC250C64}.Debug|x86.ActiveCfg = Debug|Win32
		{EBA7F636-33E8-46A4-9024-D8DDFC250C64}.Debug|x86.Build.0 = Debug|Win32
		{EBA7F636-33E8-46A4-9024-D8DDFC250C64}.Release|ARM.ActiveCfg = Release|Win32
		{EBA7F636-33E8-46A4-9024-D8DDFC250C64}.Release|x64.ActiveCfg = Release|x64
		{EBA7F636-33E8-46A4-9024-D8DDFC250C64}.Release|x64.Build.0 = Release|x64
		{EBA7F636-33E8-46A4-9024-D8DDFC250C64}.Release|x86.ActiveCfg = Release|Win32
		{EBA7F636-33E8-46A4-9024-D8DDFC250C64}.Release|x86.Build.0 = Release|Win32
		{60C028A4-977F-44E9-A709-D79A153D6F69}.Debug|ARM.ActiveCfg = Debug|Win32
		{60C028A4-977F-44E9-A709-D79A153D6F69}.Debug|x64.ActiveCfg = Debug|x64
		{60C028A4-977F-44E9-A709-D79A153D6F69}.Debug|x64.Build.0 = Debug|x64
		{60C028A4-977F-44E9-A709-D79A153D6F69}.Debug|x86.ActiveCfg = Debug|Win32
		{60C028A4-977F-44E9-A709-D79A153D6F69}.Debug|x86.Build.0 = Debug|Win32
		{60C028A4-977F-44E9-A709-D79A153D6F69}.Release|ARM.ActiveCfg = Release|Win32
		{60C028A4-977F-44E9-A709-D79A153D6F69}.Release|x64.ActiveCfg = Release|x64
		{60C028A4-977F-44E9-A709-D79A153D6F69}.Release|x64.Build.0 = Release|x64
		{60C028A4-977F-44E9-A709-D79A153D6F69}.Release|x86.ActiveCfg = Release|Win32
		{60C028A4-977F-44E9-A709-D79A153D6F69}.Release|x86.Build.0 = Release|Win32
		{98400D17-43A5-1A40-95BE-C53AC78E7694}.Debug|ARM.ActiveCfg = Debug|Win32
		{98400D17-43A5-1A40-95BE-C53AC78E7694}.Debug|x64.ActiveCfg = Debug|x64
		{98400D17-43A5-1A40-95BE-C53AC78E7694}.Debug|x64.Build.0 = Debug|x64
		{98400D17-43A5-1A40-95BE-C53AC78E7694}.Debug|x86.ActiveCfg = Debug|Win32
		{98400D17-43A5-1A40-95BE-C53AC78E7694}.Debug|x86.Build.0 = Debug|Win32
		{98400D17-43A5-1A40-95BE-C53AC78E7694}.Release|ARM.ActiveCfg = Release|Win32
		{98400D17-43A5-1A40-95BE-C53AC78E7694}.Release|x64.ActiveCfg = Release|x64
		{98400D17-43A5-1A40-95BE-C53AC78E7694}.Release|x64.Build.0 = Release|x64
		{98400D17-43A5-1A40-95BE-C53AC78E7694}.Release|x86.ActiveCfg = Release|Win32
		{98400D17-43A5-1A40-95BE-C53AC78E7694}.Release|x86.Build.0 = Release|Win32
	EndGlobalSection
	GlobalSection(SolutionProperties) = preSolution
		HideSolutionNode = FALSE
	EndGlobalSection
	GlobalSection(ExtensibilityGlobals) = postSolution
		SolutionGuid = {1E0B33EF-916D-4CD7-9395-62B444D0BF04}
	EndGlobalSection
EndGlobal
